
Microsoft Visual Studio Solution File, Format Version 12.00
# Visual Studio Express 2013 for Windows Desktop
VisualStudioVersion = 12.0.21005.1
MinimumVisualStudioVersion = 10.0.40219.1
Project("{FAE04EC0-301F-11D3-BF4B-00C04F79EFBC}") = "CTGUI", "CTGUI\CTGUI.csproj", "{88660F41-04C2-4704-BDDF-FDA692A05014}"
EndProject
Project("{FAE04EC0-301F-11D3-BF4B-00C04F79EFBC}") = "YahooWeatherDLL", "YahooWeatherDLL\YahooWeatherDLL.csproj", "{B6BCE90F-0E59-4F16-8E29-2A046EBAE387}"
EndProject
Project("{FAE04EC0-301F-11D3-BF4B-00C04F79EFBC}") = "TestingVariGUI", "TestingVariGUI\WindowsFormsApplication4\TestingVariGUI.csproj", "{C1D173D7-89A8-4C7E-B951-004B724BA2CB}"
EndProject
Project("{FAE04EC0-301F-11D3-BF4B-00C04F79EFBC}") = "HtmlRenderer", "HtmlRenderer\HtmlRenderer.csproj", "{FE611685-391F-4E3E-B27E-D3150E51E49B}"
EndProject
Project("{FAE04EC0-301F-11D3-BF4B-00C04F79EFBC}") = "HtmlRenderer.WinForms", "HtmlRenderer.WinForms\HtmlRenderer.WinForms.csproj", "{1B058920-24B4-4140-8AE7-C8C6C38CA52D}"
EndProject
Global
	GlobalSection(SolutionConfigurationPlatforms) = preSolution
		Debug|Any CPU = Debug|Any CPU
		Release|Any CPU = Release|Any CPU
	EndGlobalSection
	GlobalSection(ProjectConfigurationPlatforms) = postSolution
		{88660F41-04C2-4704-BDDF-FDA692A05014}.Debug|Any CPU.ActiveCfg = Debug|Any CPU
		{88660F41-04C2-4704-BDDF-FDA692A05014}.Debug|Any CPU.Build.0 = Debug|Any CPU
		{88660F41-04C2-4704-BDDF-FDA692A05014}.Release|Any CPU.ActiveCfg = Release|Any CPU
		{88660F41-04C2-4704-BDDF-FDA692A05014}.Release|Any CPU.Build.0 = Release|Any CPU
		{B6BCE90F-0E59-4F16-8E29-2A046EBAE387}.Debug|Any CPU.ActiveCfg = Debug|Any CPU
		{B6BCE90F-0E59-4F16-8E29-2A046EBAE387}.Debug|Any CPU.Build.0 = Debug|Any CPU
		{B6BCE90F-0E59-4F16-8E29-2A046EBAE387}.Release|Any CPU.ActiveCfg = Release|Any CPU
		{B6BCE90F-0E59-4F16-8E29-2A046EBAE387}.Release|Any CPU.Build.0 = Release|Any CPU
		{C1D173D7-89A8-4C7E-B951-004B724BA2CB}.Debug|Any CPU.ActiveCfg = Debug|Any CPU
		{C1D173D7-89A8-4C7E-B951-004B724BA2CB}.Debug|Any CPU.Build.0 = Debug|Any CPU
		{C1D173D7-89A8-4C7E-B951-004B724BA2CB}.Release|Any CPU.ActiveCfg = Release|Any CPU
		{C1D173D7-89A8-4C7E-B951-004B724BA2CB}.Release|Any CPU.Build.0 = Release|Any CPU
		{FE611685-391F-4E3E-B27E-D3150E51E49B}.Debug|Any CPU.ActiveCfg = Debug|Any CPU
		{FE611685-391F-4E3E-B27E-D3150E51E49B}.Debug|Any CPU.Build.0 = Debug|Any CPU
		{FE611685-391F-4E3E-B27E-D3150E51E49B}.Release|Any CPU.ActiveCfg = Release|Any CPU
		{FE611685-391F-4E3E-B27E-D3150E51E49B}.Release|Any CPU.Build.0 = Release|Any CPU
		{1B058920-24B4-4140-8AE7-C8C6C38CA52D}.Debug|Any CPU.ActiveCfg = Debug|Any CPU
		{1B058920-24B4-4140-8AE7-C8C6C38CA52D}.Debug|Any CPU.Build.0 = Debug|Any CPU
		{1B058920-24B4-4140-8AE7-C8C6C38CA52D}.Release|Any CPU.ActiveCfg = Release|Any CPU
		{1B058920-24B4-4140-8AE7-C8C6C38CA52D}.Release|Any CPU.Build.0 = Release|Any CPU
	EndGlobalSection
	GlobalSection(SolutionProperties) = preSolution
		HideSolutionNode = FALSE
	EndGlobalSection
EndGlobal
